
Microsoft Visual Studio Solution File, Format Version 12.00
# Visual Studio Version 17
VisualStudioVersion = 17.4.33213.308
MinimumVisualStudioVersion = 10.0.40219.1
Project("{9A19103F-16F7-4668-BE54-9A1E7A4F7556}") = "CompanyEmployees", "CompanyEmployees\CompanyEmployees.csproj", "{83C8797A-8991-437F-9A98-66E655332DC6}"
EndProject
Project("{9A19103F-16F7-4668-BE54-9A1E7A4F7556}") = "Contracts", "Contracts\Contracts.csproj", "{23F0CA8F-10E4-408E-A3A0-34C37F3A98C7}"
EndProject
Project("{9A19103F-16F7-4668-BE54-9A1E7A4F7556}") = "LoggerService", "LoggerService\LoggerService.csproj", "{A6C69B0A-1716-4F4B-8E1D-9BF33110C10B}"
EndProject
Project("{9A19103F-16F7-4668-BE54-9A1E7A4F7556}") = "Entities", "Entities\Entities.csproj", "{E7836868-10AD-40E6-8893-818D4A8B9B13}"
EndProject
Project("{9A19103F-16F7-4668-BE54-9A1E7A4F7556}") = "Repository", "Repository\Repository.csproj", "{33B1DB25-E83A-4DE1-897E-BF251946BEB0}"
EndProject
Project("{9A19103F-16F7-4668-BE54-9A1E7A4F7556}") = "Service.Contracts", "Service.Contracts\Service.Contracts.csproj", "{9F8D5BAC-F84F-4B89-BAB5-DAA6CE094F49}"
EndProject
Project("{9A19103F-16F7-4668-BE54-9A1E7A4F7556}") = "Service", "Service\Service.csproj", "{E68E1D07-0A61-413D-8578-7CBB2DDFCD30}"
EndProject
Project("{9A19103F-16F7-4668-BE54-9A1E7A4F7556}") = "CompanyEmployees.Presentation", "CompanyEmployee.Presentation\CompanyEmployees.Presentation.csproj", "{8593CA0D-DD25-42C0-84C4-E0C81FC52BC2}"
EndProject
Project("{FAE04EC0-301F-11D3-BF4B-00C04F79EFBC}") = "Shared", "Shared\Shared.csproj", "{F1EAD420-340B-49ED-AB6C-1E00FB416BEE}"
EndProject
Global
	GlobalSection(SolutionConfigurationPlatforms) = preSolution
		Debug|Any CPU = Debug|Any CPU
		Release|Any CPU = Release|Any CPU
	EndGlobalSection
	GlobalSection(ProjectConfigurationPlatforms) = postSolution
		{83C8797A-8991-437F-9A98-66E655332DC6}.Debug|Any CPU.ActiveCfg = Debug|Any CPU
		{83C8797A-8991-437F-9A98-66E655332DC6}.Debug|Any CPU.Build.0 = Debug|Any CPU
		{83C8797A-8991-437F-9A98-66E655332DC6}.Release|Any CPU.ActiveCfg = Release|Any CPU
		{83C8797A-8991-437F-9A98-66E655332DC6}.Release|Any CPU.Build.0 = Release|Any CPU
		{23F0CA8F-10E4-408E-A3A0-34C37F3A98C7}.Debug|Any CPU.ActiveCfg = Debug|Any CPU
		{23F0CA8F-10E4-408E-A3A0-34C37F3A98C7}.Debug|Any CPU.Build.0 = Debug|Any CPU
		{23F0CA8F-10E4-408E-A3A0-34C37F3A98C7}.Release|Any CPU.ActiveCfg = Release|Any CPU
		{23F0CA8F-10E4-408E-A3A0-34C37F3A98C7}.Release|Any CPU.Build.0 = Release|Any CPU
		{A6C69B0A-1716-4F4B-8E1D-9BF33110C10B}.Debug|Any CPU.ActiveCfg = Debug|Any CPU
		{A6C69B0A-1716-4F4B-8E1D-9BF33110C10B}.Debug|Any CPU.Build.0 = Debug|Any CPU
		{A6C69B0A-1716-4F4B-8E1D-9BF33110C10B}.Release|Any CPU.ActiveCfg = Release|Any CPU
		{A6C69B0A-1716-4F4B-8E1D-9BF33110C10B}.Release|Any CPU.Build.0 = Release|Any CPU
		{E7836868-10AD-40E6-8893-818D4A8B9B13}.Debug|Any CPU.ActiveCfg = Debug|Any CPU
		{E7836868-10AD-40E6-8893-818D4A8B9B13}.Debug|Any CPU.Build.0 = Debug|Any CPU
		{E7836868-10AD-40E6-8893-818D4A8B9B13}.Release|Any CPU.ActiveCfg = Release|Any CPU
		{E7836868-10AD-40E6-8893-818D4A8B9B13}.Release|Any CPU.Build.0 = Release|Any CPU
		{33B1DB25-E83A-4DE1-897E-BF251946BEB0}.Debug|Any CPU.ActiveCfg = Debug|Any CPU
		{33B1DB25-E83A-4DE1-897E-BF251946BEB0}.Debug|Any CPU.Build.0 = Debug|Any CPU
		{33B1DB25-E83A-4DE1-897E-BF251946BEB0}.Release|Any CPU.ActiveCfg = Release|Any CPU
		{33B1DB25-E83A-4DE1-897E-BF251946BEB0}.Release|Any CPU.Build.0 = Release|Any CPU
		{9F8D5BAC-F84F-4B89-BAB5-DAA6CE094F49}.Debug|Any CPU.ActiveCfg = Debug|Any CPU
		{9F8D5BAC-F84F-4B89-BAB5-DAA6CE094F49}.Debug|Any CPU.Build.0 = Debug|Any CPU
		{9F8D5BAC-F84F-4B89-BAB5-DAA6CE094F49}.Release|Any CPU.ActiveCfg = Release|Any CPU
		{9F8D5BAC-F84F-4B89-BAB5-DAA6CE094F49}.Release|Any CPU.Build.0 = Release|Any CPU
		{E68E1D07-0A61-413D-8578-7CBB2DDFCD30}.Debug|Any CPU.ActiveCfg = Debug|Any CPU
		{E68E1D07-0A61-413D-8578-7CBB2DDFCD30}.Debug|Any CPU.Build.0 = Debug|Any CPU
		{E68E1D07-0A61-413D-8578-7CBB2DDFCD30}.Release|Any CPU.ActiveCfg = Release|Any CPU
		{E68E1D07-0A61-413D-8578-7CBB2DDFCD30}.Release|Any CPU.Build.0 = Release|Any CPU
		{8593CA0D-DD25-42C0-84C4-E0C81FC52BC2}.Debug|Any CPU.ActiveCfg = Debug|Any CPU
		{8593CA0D-DD25-42C0-84C4-E0C81FC52BC2}.Debug|Any CPU.Build.0 = Debug|Any CPU
		{8593CA0D-DD25-42C0-84C4-E0C81FC52BC2}.Release|Any CPU.ActiveCfg = Release|Any CPU
		{8593CA0D-DD25-42C0-84C4-E0C81FC52BC2}.Release|Any CPU.Build.0 = Release|Any CPU
		{F1EAD420-340B-49ED-AB6C-1E00FB416BEE}.Debug|Any CPU.ActiveCfg = Debug|Any CPU
		{F1EAD420-340B-49ED-AB6C-1E00FB416BEE}.Debug|Any CPU.Build.0 = Debug|Any CPU
		{F1EAD420-340B-49ED-AB6C-1E00FB416BEE}.Release|Any CPU.ActiveCfg = Release|Any CPU
		{F1EAD420-340B-49ED-AB6C-1E00FB416BEE}.Release|Any CPU.Build.0 = Release|Any CPU
	EndGlobalSection
	GlobalSection(SolutionProperties) = preSolution
		HideSolutionNode = FALSE
	EndGlobalSection
	GlobalSection(ExtensibilityGlobals) = postSolution
		SolutionGuid = {F2A3DACA-C110-4DD5-BC45-AB75205426D5}
	EndGlobalSection
EndGlobal
